
Microsoft Visual Studio Solution File, Format Version 12.00
# Visual Studio 15
VisualStudioVersion = 15.0.28307.168
MinimumVisualStudioVersion = 10.0.40219.1
Project("{FAE04EC0-301F-11D3-BF4B-00C04F79EFBC}") = "59. Spiral Matrix II", "59. Spiral Matrix II\59. Spiral Matrix II.csproj", "{AF95610B-4AFC-4109-B162-2F1587DAAE9E}"
EndProject
Project("{2150E333-8FDC-42A3-9474-1A3956D46DE8}") = "Solution Items", "Solution Items", "{2666359D-F937-417D-8B3D-F0FDD78B8F3A}"
	ProjectSection(SolutionItems) = preProject
		readme.txt = readme.txt
	EndProjectSection
EndProject
Global
	GlobalSection(SolutionConfigurationPlatforms) = preSolution
		Debug|Any CPU = Debug|Any CPU
		Release|Any CPU = Release|Any CPU
	EndGlobalSection
	GlobalSection(ProjectConfigurationPlatforms) = postSolution
		{AF95610B-4AFC-4109-B162-2F1587DAAE9E}.Debug|Any CPU.ActiveCfg = Debug|Any CPU
		{AF95610B-4AFC-4109-B162-2F1587DAAE9E}.Debug|Any CPU.Build.0 = Debug|Any CPU
		{AF95610B-4AFC-4109-B162-2F1587DAAE9E}.Release|Any CPU.ActiveCfg = Release|Any CPU
		{AF95610B-4AFC-4109-B162-2F1587DAAE9E}.Release|Any CPU.Build.0 = Release|Any CPU
	EndGlobalSection
	GlobalSection(SolutionProperties) = preSolution
		HideSolutionNode = FALSE
	EndGlobalSection
	GlobalSection(ExtensibilityGlobals) = postSolution
		SolutionGuid = {675083A2-543A-4040-87CB-B982F361EED6}
	EndGlobalSection
EndGlobal
