
Microsoft Visual Studio Solution File, Format Version 12.00
# Visual Studio 15
VisualStudioVersion = 15.0.28307.168
MinimumVisualStudioVersion = 10.0.40219.1
Project("{FAE04EC0-301F-11D3-BF4B-00C04F79EFBC}") = "UTF-8 Validation", "UTF-8 Validation\UTF-8 Validation.csproj", "{4E445801-B93E-457E-BD18-6FC6B39B9D37}"
EndProject
Global
	GlobalSection(SolutionConfigurationPlatforms) = preSolution
		Debug|Any CPU = Debug|Any CPU
		Release|Any CPU = Release|Any CPU
	EndGlobalSection
	GlobalSection(ProjectConfigurationPlatforms) = postSolution
		{4E445801-B93E-457E-BD18-6FC6B39B9D37}.Debug|Any CPU.ActiveCfg = Debug|Any CPU
		{4E445801-B93E-457E-BD18-6FC6B39B9D37}.Debug|Any CPU.Build.0 = Debug|Any CPU
		{4E445801-B93E-457E-BD18-6FC6B39B9D37}.Release|Any CPU.ActiveCfg = Release|Any CPU
		{4E445801-B93E-457E-BD18-6FC6B39B9D37}.Release|Any CPU.Build.0 = Release|Any CPU
	EndGlobalSection
	GlobalSection(SolutionProperties) = preSolution
		HideSolutionNode = FALSE
	EndGlobalSection
	GlobalSection(ExtensibilityGlobals) = postSolution
		SolutionGuid = {9BFA7AAB-F8F0-4EEB-AB1A-4A6BBF0BE7D6}
	EndGlobalSection
EndGlobal
