
Microsoft Visual Studio Solution File, Format Version 12.00
# Visual Studio 15
VisualStudioVersion = 15.0.28307.705
MinimumVisualStudioVersion = 10.0.40219.1
Project("{FAE04EC0-301F-11D3-BF4B-00C04F79EFBC}") = "5108. Encode Number", "5108. Encode Number\5108. Encode Number.csproj", "{10AA0F35-424E-4F21-9245-2D715ABEA242}"
EndProject
Global
	GlobalSection(SolutionConfigurationPlatforms) = preSolution
		Debug|Any CPU = Debug|Any CPU
		Release|Any CPU = Release|Any CPU
	EndGlobalSection
	GlobalSection(ProjectConfigurationPlatforms) = postSolution
		{10AA0F35-424E-4F21-9245-2D715ABEA242}.Debug|Any CPU.ActiveCfg = Debug|Any CPU
		{10AA0F35-424E-4F21-9245-2D715ABEA242}.Debug|Any CPU.Build.0 = Debug|Any CPU
		{10AA0F35-424E-4F21-9245-2D715ABEA242}.Release|Any CPU.ActiveCfg = Release|Any CPU
		{10AA0F35-424E-4F21-9245-2D715ABEA242}.Release|Any CPU.Build.0 = Release|Any CPU
	EndGlobalSection
	GlobalSection(SolutionProperties) = preSolution
		HideSolutionNode = FALSE
	EndGlobalSection
	GlobalSection(ExtensibilityGlobals) = postSolution
		SolutionGuid = {E14FD8C7-235A-47E2-B39E-CB9B3E9B7EAF}
	EndGlobalSection
EndGlobal
