
Microsoft Visual Studio Solution File, Format Version 12.00
# Visual Studio Version 16
VisualStudioVersion = 16.0.29009.5
MinimumVisualStudioVersion = 10.0.40219.1
Project("{FAE04EC0-301F-11D3-BF4B-00C04F79EFBC}") = "652. Find Duplicate Subtrees_CSharp", "652. Find Duplicate Subtrees_CSharp\652. Find Duplicate Subtrees_CSharp.csproj", "{931F0DDC-0075-4854-AF68-7C544C65E3C1}"
EndProject
Project("{2150E333-8FDC-42A3-9474-1A3956D46DE8}") = "Solution Items", "Solution Items", "{8C737900-9A32-4903-BE93-EA3E5B44B981}"
	ProjectSection(SolutionItems) = preProject
		readme.txt = readme.txt
	EndProjectSection
EndProject
Project("{8BC9CEB8-8B4A-11D0-8D11-00A0C91BC942}") = "652. Find Duplicate Subtrees_CPP", "652. Find Duplicate Subtrees_CPP\652. Find Duplicate Subtrees_CPP.vcxproj", "{DD4A22F3-2DE1-476F-AD1A-3742DD3EC41D}"
EndProject
Global
	GlobalSection(SolutionConfigurationPlatforms) = preSolution
		Debug|Any CPU = Debug|Any CPU
		Debug|x64 = Debug|x64
		Debug|x86 = Debug|x86
		Release|Any CPU = Release|Any CPU
		Release|x64 = Release|x64
		Release|x86 = Release|x86
	EndGlobalSection
	GlobalSection(ProjectConfigurationPlatforms) = postSolution
		{931F0DDC-0075-4854-AF68-7C544C65E3C1}.Debug|Any CPU.ActiveCfg = Debug|Any CPU
		{931F0DDC-0075-4854-AF68-7C544C65E3C1}.Debug|Any CPU.Build.0 = Debug|Any CPU
		{931F0DDC-0075-4854-AF68-7C544C65E3C1}.Debug|x64.ActiveCfg = Debug|Any CPU
		{931F0DDC-0075-4854-AF68-7C544C65E3C1}.Debug|x64.Build.0 = Debug|Any CPU
		{931F0DDC-0075-4854-AF68-7C544C65E3C1}.Debug|x86.ActiveCfg = Debug|Any CPU
		{931F0DDC-0075-4854-AF68-7C544C65E3C1}.Debug|x86.Build.0 = Debug|Any CPU
		{931F0DDC-0075-4854-AF68-7C544C65E3C1}.Release|Any CPU.ActiveCfg = Release|Any CPU
		{931F0DDC-0075-4854-AF68-7C544C65E3C1}.Release|Any CPU.Build.0 = Release|Any CPU
		{931F0DDC-0075-4854-AF68-7C544C65E3C1}.Release|x64.ActiveCfg = Release|Any CPU
		{931F0DDC-0075-4854-AF68-7C544C65E3C1}.Release|x64.Build.0 = Release|Any CPU
		{931F0DDC-0075-4854-AF68-7C544C65E3C1}.Release|x86.ActiveCfg = Release|Any CPU
		{931F0DDC-0075-4854-AF68-7C544C65E3C1}.Release|x86.Build.0 = Release|Any CPU
		{DD4A22F3-2DE1-476F-AD1A-3742DD3EC41D}.Debug|Any CPU.ActiveCfg = Debug|Win32
		{DD4A22F3-2DE1-476F-AD1A-3742DD3EC41D}.Debug|x64.ActiveCfg = Debug|x64
		{DD4A22F3-2DE1-476F-AD1A-3742DD3EC41D}.Debug|x64.Build.0 = Debug|x64
		{DD4A22F3-2DE1-476F-AD1A-3742DD3EC41D}.Debug|x86.ActiveCfg = Debug|Win32
		{DD4A22F3-2DE1-476F-AD1A-3742DD3EC41D}.Debug|x86.Build.0 = Debug|Win32
		{DD4A22F3-2DE1-476F-AD1A-3742DD3EC41D}.Release|Any CPU.ActiveCfg = Release|Win32
		{DD4A22F3-2DE1-476F-AD1A-3742DD3EC41D}.Release|x64.ActiveCfg = Release|x64
		{DD4A22F3-2DE1-476F-AD1A-3742DD3EC41D}.Release|x64.Build.0 = Release|x64
		{DD4A22F3-2DE1-476F-AD1A-3742DD3EC41D}.Release|x86.ActiveCfg = Release|Win32
		{DD4A22F3-2DE1-476F-AD1A-3742DD3EC41D}.Release|x86.Build.0 = Release|Win32
	EndGlobalSection
	GlobalSection(SolutionProperties) = preSolution
		HideSolutionNode = FALSE
	EndGlobalSection
	GlobalSection(ExtensibilityGlobals) = postSolution
		SolutionGuid = {3BCFC184-E198-48C6-A5BF-252EF703CE82}
	EndGlobalSection
EndGlobal
