
Microsoft Visual Studio Solution File, Format Version 12.00
# Visual Studio 15
VisualStudioVersion = 15.0.27703.2035
MinimumVisualStudioVersion = 10.0.40219.1
Project("{FAE04EC0-301F-11D3-BF4B-00C04F79EFBC}") = "5083. Occurrences After Bigram", "5083. Occurrences After Bigram\5083. Occurrences After Bigram.csproj", "{A3F43F9F-4F31-498F-9858-42334F73B9E0}"
EndProject
Project("{2150E333-8FDC-42A3-9474-1A3956D46DE8}") = "Solution Items", "Solution Items", "{899FD100-0CB6-485B-A73C-B27A711F0313}"
	ProjectSection(SolutionItems) = preProject
		readme.txt = readme.txt
	EndProjectSection
EndProject
Global
	GlobalSection(SolutionConfigurationPlatforms) = preSolution
		Debug|Any CPU = Debug|Any CPU
		Release|Any CPU = Release|Any CPU
	EndGlobalSection
	GlobalSection(ProjectConfigurationPlatforms) = postSolution
		{A3F43F9F-4F31-498F-9858-42334F73B9E0}.Debug|Any CPU.ActiveCfg = Debug|Any CPU
		{A3F43F9F-4F31-498F-9858-42334F73B9E0}.Debug|Any CPU.Build.0 = Debug|Any CPU
		{A3F43F9F-4F31-498F-9858-42334F73B9E0}.Release|Any CPU.ActiveCfg = Release|Any CPU
		{A3F43F9F-4F31-498F-9858-42334F73B9E0}.Release|Any CPU.Build.0 = Release|Any CPU
	EndGlobalSection
	GlobalSection(SolutionProperties) = preSolution
		HideSolutionNode = FALSE
	EndGlobalSection
	GlobalSection(ExtensibilityGlobals) = postSolution
		SolutionGuid = {7A2943D9-043F-4126-B331-C9456FF21692}
	EndGlobalSection
EndGlobal
